// !$*UTF8*$!
{
	archiveVersion = 1;
	classes = {
	};
	objectVersion = 46;
	objects = {

/* Begin PBXBuildFile section */
		3B8A5A7F1CE0F2AB000D0AA3 /* MetaDataLookup.cpp in Sources */ = {isa = PBXBuildFile; fileRef = 3B8A5A1A1CC292DA000D0AA3 /* MetaDataLookup.cpp */; };
		3B8A5A801CE0F2AB000D0AA3 /* HaloAPI.cpp in Sources */ = {isa = PBXBuildFile; fileRef = 3B8A59F01CB14ADA000D0AA3 /* HaloAPI.cpp */; };
		3B8A5A811CE0F2AB000D0AA3 /* default.cpp in Sources */ = {isa = PBXBuildFile; fileRef = 3BBFFA8B1C0B36E7009970A0 /* default.cpp */; };
		3B8A5A821CE0F2AB000D0AA3 /* main.cpp in Sources */ = {isa = PBXBuildFile; fileRef = 3BBFFAA61C0B8372009970A0 /* main.cpp */; };
		3B8A5A831CE0F2AB000D0AA3 /* nav_bar.cpp in Sources */ = {isa = PBXBuildFile; fileRef = 3BBFFAA81C0B841F009970A0 /* nav_bar.cpp */; };
		3B8A5A841CE0F2AB000D0AA3 /* PlaylistRanksContainer.cpp in Sources */ = {isa = PBXBuildFile; fileRef = 3B8A59EB1CA95B92000D0AA3 /* PlaylistRanksContainer.cpp */; };
		3B8A5A851CE0F2AB000D0AA3 /* RecentMatchesContainer.cpp in Sources */ = {isa = PBXBuildFile; fileRef = 3B8A59F21CB1880B000D0AA3 /* RecentMatchesContainer.cpp */; };
		3B8A5A861CE0F2AB000D0AA3 /* SpartanProfile.cpp in Sources */ = {isa = PBXBuildFile; fileRef = 3BBFFAAA1C0B8B7F009970A0 /* SpartanProfile.cpp */; };
		3B8A5A871CE0F2CA000D0AA3 /* haloviewer in CopyFiles */ = {isa = PBXBuildFile; fileRef = 3B8A5A761CE0F28E000D0AA3 /* haloviewer */; };
		3B8A5A891CE0F303000D0AA3 /* libcurl.dylib in Frameworks */ = {isa = PBXBuildFile; fileRef = 3B8A5A881CE0F303000D0AA3 /* libcurl.dylib */; };
/* End PBXBuildFile section */

/* Begin PBXCopyFilesBuildPhase section */
		3B8A5A741CE0F28E000D0AA3 /* CopyFiles */ = {
			isa = PBXCopyFilesBuildPhase;
			buildActionMask = 12;
			dstPath = /Users/Colin/Documents/wtHaloViewer;
			dstSubfolderSpec = 0;
			files = (
				3B8A5A871CE0F2CA000D0AA3 /* haloviewer in CopyFiles */,
			);
			runOnlyForDeploymentPostprocessing = 0;
		};
/* End PBXCopyFilesBuildPhase section */

/* Begin PBXFileReference section */
		3B8A59EB1CA95B92000D0AA3 /* PlaylistRanksContainer.cpp */ = {isa = PBXFileReference; lastKnownFileType = sourcecode.cpp.cpp; path = PlaylistRanksContainer.cpp; sourceTree = "<group>"; };
		3B8A59EC1CA95B92000D0AA3 /* PlaylistRanksContainer.h */ = {isa = PBXFileReference; lastKnownFileType = sourcecode.c.h; path = PlaylistRanksContainer.h; sourceTree = "<group>"; };
		3B8A59F01CB14ADA000D0AA3 /* HaloAPI.cpp */ = {isa = PBXFileReference; lastKnownFileType = sourcecode.cpp.cpp; path = HaloAPI.cpp; sourceTree = "<group>"; };
		3B8A59F11CB14ADA000D0AA3 /* HaloAPI.h */ = {isa = PBXFileReference; lastKnownFileType = sourcecode.c.h; path = HaloAPI.h; sourceTree = "<group>"; };
		3B8A59F21CB1880B000D0AA3 /* RecentMatchesContainer.cpp */ = {isa = PBXFileReference; lastKnownFileType = sourcecode.cpp.cpp; path = RecentMatchesContainer.cpp; sourceTree = "<group>"; };
		3B8A59F31CB1880B000D0AA3 /* RecentMatchesContainer.h */ = {isa = PBXFileReference; lastKnownFileType = sourcecode.c.h; path = RecentMatchesContainer.h; sourceTree = "<group>"; };
		3B8A5A1A1CC292DA000D0AA3 /* MetaDataLookup.cpp */ = {isa = PBXFileReference; lastKnownFileType = sourcecode.cpp.cpp; path = MetaDataLookup.cpp; sourceTree = "<group>"; };
		3B8A5A1B1CC292DA000D0AA3 /* MetaDataLookup.h */ = {isa = PBXFileReference; lastKnownFileType = sourcecode.c.h; path = MetaDataLookup.h; sourceTree = "<group>"; };
		3B8A5A1C1CC3C9AB000D0AA3 /* MatchData.cpp */ = {isa = PBXFileReference; lastKnownFileType = sourcecode.cpp.cpp; path = MatchData.cpp; sourceTree = "<group>"; };
		3B8A5A1D1CC3C9AB000D0AA3 /* MatchData.h */ = {isa = PBXFileReference; lastKnownFileType = sourcecode.c.h; path = MatchData.h; sourceTree = "<group>"; };
		3B8A5A761CE0F28E000D0AA3 /* haloviewer */ = {isa = PBXFileReference; explicitFileType = "compiled.mach-o.executable"; includeInIndex = 0; path = haloviewer; sourceTree = BUILT_PRODUCTS_DIR; };
		3B8A5A881CE0F303000D0AA3 /* libcurl.dylib */ = {isa = PBXFileReference; lastKnownFileType = "compiled.mach-o.dylib"; name = libcurl.dylib; path = usr/lib/libcurl.dylib; sourceTree = SDKROOT; };
		3BBFFA8B1C0B36E7009970A0 /* default.cpp */ = {isa = PBXFileReference; explicitFileType = sourcecode.cpp.cpp; path = default.cpp; sourceTree = "<group>"; };
		3BBFFAA61C0B8372009970A0 /* main.cpp */ = {isa = PBXFileReference; lastKnownFileType = sourcecode.cpp.cpp; path = main.cpp; sourceTree = "<group>"; };
		3BBFFAA81C0B841F009970A0 /* nav_bar.cpp */ = {isa = PBXFileReference; lastKnownFileType = sourcecode.cpp.cpp; path = nav_bar.cpp; sourceTree = "<group>"; };
		3BBFFAA91C0B841F009970A0 /* nav_bar.h */ = {isa = PBXFileReference; lastKnownFileType = sourcecode.c.h; path = nav_bar.h; sourceTree = "<group>"; };
		3BBFFAAA1C0B8B7F009970A0 /* SpartanProfile.cpp */ = {isa = PBXFileReference; lastKnownFileType = sourcecode.cpp.cpp; path = SpartanProfile.cpp; sourceTree = "<group>"; };
		3BBFFAAB1C0B8B7F009970A0 /* SpartanProfile.h */ = {isa = PBXFileReference; lastKnownFileType = sourcecode.c.h; path = SpartanProfile.h; sourceTree = "<group>"; };
		3BD3BFB21D07394500FE1C35 /* .gitignore */ = {isa = PBXFileReference; fileEncoding = 4; lastKnownFileType = text; path = .gitignore; sourceTree = "<group>"; };
/* End PBXFileReference section */

/* Begin PBXFrameworksBuildPhase section */
		3B8A5A731CE0F28E000D0AA3 /* Frameworks */ = {
			isa = PBXFrameworksBuildPhase;
			buildActionMask = 2147483647;
			files = (
				3B8A5A891CE0F303000D0AA3 /* libcurl.dylib in Frameworks */,
			);
			runOnlyForDeploymentPostprocessing = 0;
		};
/* End PBXFrameworksBuildPhase section */

/* Begin PBXGroup section */
		3B8A5A771CE0F28E000D0AA3 /* Products */ = {
			isa = PBXGroup;
			children = (
				3B8A5A761CE0F28E000D0AA3 /* haloviewer */,
			);
			name = Products;
			sourceTree = "<group>";
		};
		3BBFFA841C0B36B4009970A0 = {
			isa = PBXGroup;
			children = (
				3BD3BFB21D07394500FE1C35 /* .gitignore */,
				3B8A5A881CE0F303000D0AA3 /* libcurl.dylib */,
				3B8A5A1C1CC3C9AB000D0AA3 /* MatchData.cpp */,
				3B8A5A1D1CC3C9AB000D0AA3 /* MatchData.h */,
				3B8A5A1A1CC292DA000D0AA3 /* MetaDataLookup.cpp */,
				3B8A5A1B1CC292DA000D0AA3 /* MetaDataLookup.h */,
				3B8A59F01CB14ADA000D0AA3 /* HaloAPI.cpp */,
				3B8A59F11CB14ADA000D0AA3 /* HaloAPI.h */,
				3BBFFA8B1C0B36E7009970A0 /* default.cpp */,
				3BBFFAA61C0B8372009970A0 /* main.cpp */,
				3BBFFAA81C0B841F009970A0 /* nav_bar.cpp */,
				3B8A59EB1CA95B92000D0AA3 /* PlaylistRanksContainer.cpp */,
				3B8A59F21CB1880B000D0AA3 /* RecentMatchesContainer.cpp */,
				3B8A59F31CB1880B000D0AA3 /* RecentMatchesContainer.h */,
				3B8A59EC1CA95B92000D0AA3 /* PlaylistRanksContainer.h */,
				3BBFFAAA1C0B8B7F009970A0 /* SpartanProfile.cpp */,
				3BBFFAAB1C0B8B7F009970A0 /* SpartanProfile.h */,
				3BBFFAA91C0B841F009970A0 /* nav_bar.h */,
				3B8A5A771CE0F28E000D0AA3 /* Products */,
			);
			sourceTree = "<group>";
		};
/* End PBXGroup section */

/* Begin PBXNativeTarget section */
		3B8A5A751CE0F28E000D0AA3 /* haloviewer */ = {
			isa = PBXNativeTarget;
			buildConfigurationList = 3B8A5A7B1CE0F28E000D0AA3 /* Build configuration list for PBXNativeTarget "haloviewer" */;
			buildPhases = (
				3B8A5A721CE0F28E000D0AA3 /* Sources */,
				3B8A5A731CE0F28E000D0AA3 /* Frameworks */,
				3B8A5A741CE0F28E000D0AA3 /* CopyFiles */,
			);
			buildRules = (
			);
			dependencies = (
			);
			name = haloviewer;
			productName = haloviewer;
			productReference = 3B8A5A761CE0F28E000D0AA3 /* haloviewer */;
			productType = "com.apple.product-type.tool";
		};
/* End PBXNativeTarget section */

/* Begin PBXProject section */
		3BBFFA851C0B36B4009970A0 /* Project object */ = {
			isa = PBXProject;
			attributes = {
				LastUpgradeCheck = 0610;
				TargetAttributes = {
					3B8A5A751CE0F28E000D0AA3 = {
						CreatedOnToolsVersion = 6.1.1;
					};
				};
			};
			buildConfigurationList = 3BBFFA881C0B36B4009970A0 /* Build configuration list for PBXProject "wtHaloViewer" */;
			compatibilityVersion = "Xcode 3.2";
			developmentRegion = English;
			hasScannedForEncodings = 0;
			knownRegions = (
				en,
			);
			mainGroup = 3BBFFA841C0B36B4009970A0;
			productRefGroup = 3B8A5A771CE0F28E000D0AA3 /* Products */;
			projectDirPath = "";
			projectRoot = "";
			targets = (
				3B8A5A751CE0F28E000D0AA3 /* haloviewer */,
			);
		};
/* End PBXProject section */

/* Begin PBXSourcesBuildPhase section */
		3B8A5A721CE0F28E000D0AA3 /* Sources */ = {
			isa = PBXSourcesBuildPhase;
			buildActionMask = 2147483647;
			files = (
				3B8A5A851CE0F2AB000D0AA3 /* RecentMatchesContainer.cpp in Sources */,
				3B8A5A7F1CE0F2AB000D0AA3 /* MetaDataLookup.cpp in Sources */,
				3B8A5A821CE0F2AB000D0AA3 /* main.cpp in Sources */,
				3B8A5A801CE0F2AB000D0AA3 /* HaloAPI.cpp in Sources */,
				3B8A5A831CE0F2AB000D0AA3 /* nav_bar.cpp in Sources */,
				3B8A5A811CE0F2AB000D0AA3 /* default.cpp in Sources */,
				3B8A5A861CE0F2AB000D0AA3 /* SpartanProfile.cpp in Sources */,
				3B8A5A841CE0F2AB000D0AA3 /* PlaylistRanksContainer.cpp in Sources */,
			);
			runOnlyForDeploymentPostprocessing = 0;
		};
/* End PBXSourcesBuildPhase section */

/* Begin XCBuildConfiguration section */
		3B8A5A7C1CE0F28E000D0AA3 /* Debug */ = {
			isa = XCBuildConfiguration;
			buildSettings = {
				ALWAYS_SEARCH_USER_PATHS = NO;
				CLANG_CXX_LANGUAGE_STANDARD = "gnu++0x";
				CLANG_CXX_LIBRARY = "libc++";
				CLANG_ENABLE_MODULES = YES;
				CLANG_ENABLE_OBJC_ARC = YES;
				CLANG_WARN_BOOL_CONVERSION = YES;
				CLANG_WARN_CONSTANT_CONVERSION = YES;
				CLANG_WARN_DIRECT_OBJC_ISA_USAGE = YES_ERROR;
				CLANG_WARN_EMPTY_BODY = YES;
				CLANG_WARN_ENUM_CONVERSION = YES;
				CLANG_WARN_INT_CONVERSION = YES;
				CLANG_WARN_OBJC_ROOT_CLASS = YES_ERROR;
				CLANG_WARN_UNREACHABLE_CODE = YES;
				CLANG_WARN__DUPLICATE_METHOD_MATCH = YES;
				COPY_PHASE_STRIP = NO;
				ENABLE_STRICT_OBJC_MSGSEND = YES;
				GCC_C_LANGUAGE_STANDARD = gnu99;
				GCC_DYNAMIC_NO_PIC = NO;
				GCC_OPTIMIZATION_LEVEL = 0;
				GCC_PREPROCESSOR_DEFINITIONS = (
					"DEBUG=1",
					"$(inherited)",
				);
				GCC_SYMBOLS_PRIVATE_EXTERN = NO;
				GCC_WARN_64_TO_32_BIT_CONVERSION = YES;
				GCC_WARN_ABOUT_RETURN_TYPE = YES_ERROR;
				GCC_WARN_UNDECLARED_SELECTOR = YES;
				GCC_WARN_UNINITIALIZED_AUTOS = YES_AGGRESSIVE;
				GCC_WARN_UNUSED_FUNCTION = YES;
				GCC_WARN_UNUSED_VARIABLE = YES;
				HEADER_SEARCH_PATHS = (
					"$(inherited)",
					/Applications/Xcode.app/Contents/Developer/Toolchains/XcodeDefault.xctoolchain/usr/include,
					/usr/local/include,
					/usr/local/lib,
					/Users/colin/Documents/wtHaloViewer,
				);
				LIBRARY_SEARCH_PATHS = (
					/usr/local/include,
					/usr/local/lib,
					/Users/colin/Documents/wtHaloViewer,
				);
				MACOSX_DEPLOYMENT_TARGET = 10.10;
				MTL_ENABLE_DEBUG_INFO = YES;
				ONLY_ACTIVE_ARCH = YES;
				PRELINK_LIBS = "lwthttp lwt lcurl lcurlpp";
				PRODUCT_NAME = "$(TARGET_NAME)";
				SDKROOT = macosx;
			};
			name = Debug;
		};
		3B8A5A7D1CE0F28E000D0AA3 /* Release */ = {
			isa = XCBuildConfiguration;
			buildSettings = {
				ALWAYS_SEARCH_USER_PATHS = NO;
				CLANG_CXX_LANGUAGE_STANDARD = "gnu++0x";
				CLANG_CXX_LIBRARY = "libc++";
				CLANG_ENABLE_MODULES = YES;
				CLANG_ENABLE_OBJC_ARC = YES;
				CLANG_WARN_BOOL_CONVERSION = YES;
				CLANG_WARN_CONSTANT_CONVERSION = YES;
				CLANG_WARN_DIRECT_OBJC_ISA_USAGE = YES_ERROR;
				CLANG_WARN_EMPTY_BODY = YES;
				CLANG_WARN_ENUM_CONVERSION = YES;
				CLANG_WARN_INT_CONVERSION = YES;
				CLANG_WARN_OBJC_ROOT_CLASS = YES_ERROR;
				CLANG_WARN_UNREACHABLE_CODE = YES;
				CLANG_WARN__DUPLICATE_METHOD_MATCH = YES;
				COPY_PHASE_STRIP = YES;
				DEBUG_INFORMATION_FORMAT = "dwarf-with-dsym";
				ENABLE_NS_ASSERTIONS = NO;
				ENABLE_STRICT_OBJC_MSGSEND = YES;
				GCC_C_LANGUAGE_STANDARD = gnu99;
				GCC_WARN_64_TO_32_BIT_CONVERSION = YES;
				GCC_WARN_ABOUT_RETURN_TYPE = YES_ERROR;
				GCC_WARN_UNDECLARED_SELECTOR = YES;
				GCC_WARN_UNINITIALIZED_AUTOS = YES_AGGRESSIVE;
				GCC_WARN_UNUSED_FUNCTION = YES;
				GCC_WARN_UNUSED_VARIABLE = YES;
				HEADER_SEARCH_PATHS = (
					"$(inherited)",
					/Applications/Xcode.app/Contents/Developer/Toolchains/XcodeDefault.xctoolchain/usr/include,
					/usr/local/include,
					/usr/local/lib,
					/Users/colin/Documents/wtHaloViewer,
				);
				LIBRARY_SEARCH_PATHS = (
					/usr/local/include,
					/usr/local/lib,
					/Users/colin/Documents/wtHaloViewer,
				);
				MACOSX_DEPLOYMENT_TARGET = 10.10;
				MTL_ENABLE_DEBUG_INFO = NO;
				PRELINK_LIBS = "lwthttp lwt lcurl lcurlpp";
				PRODUCT_NAME = "$(TARGET_NAME)";
				SDKROOT = macosx;
			};
			name = Release;
		};
		3BBFFA891C0B36B4009970A0 /* Debug */ = {
			isa = XCBuildConfiguration;
			buildSettings = {
				New_Setting = "";
			};
			name = Debug;
		};
		3BBFFA8A1C0B36B4009970A0 /* Release */ = {
			isa = XCBuildConfiguration;
			buildSettings = {
				New_Setting = "";
				"New_Setting[arch=*]" = "c++ -o default default.cpp -lwthttp -lwt -I/usr/local/include -L/usr/local/lib";
			};
			name = Release;
		};
/* End XCBuildConfiguration section */

/* Begin XCConfigurationList section */
		3B8A5A7B1CE0F28E000D0AA3 /* Build configuration list for PBXNativeTarget "haloviewer" */ = {
			isa = XCConfigurationList;
			buildConfigurations = (
				3B8A5A7C1CE0F28E000D0AA3 /* Debug */,
				3B8A5A7D1CE0F28E000D0AA3 /* Release */,
			);
			defaultConfigurationIsVisible = 0;
			defaultConfigurationName = Release;
		};
		3BBFFA881C0B36B4009970A0 /* Build configuration list for PBXProject "wtHaloViewer" */ = {
			isa = XCConfigurationList;
			buildConfigurations = (
				3BBFFA891C0B36B4009970A0 /* Debug */,
				3BBFFA8A1C0B36B4009970A0 /* Release */,
			);
			defaultConfigurationIsVisible = 0;
			defaultConfigurationName = Release;
		};
/* End XCConfigurationList section */
	};
	rootObject = 3BBFFA851C0B36B4009970A0 /* Project object */;
}
