// !$*UTF8*$!
{
	archiveVersion = 1;
	classes = {
	};
	objectVersion = 46;
	objects = {

/* Begin PBXGroup section */
		3BBFFA841C0B36B4009970A0 = {
			isa = PBXGroup;
			children = (
			);
			sourceTree = "<group>";
		};
/* End PBXGroup section */

/* Begin PBXProject section */
		3BBFFA851C0B36B4009970A0 /* Project object */ = {
			isa = PBXProject;
			attributes = {
				LastUpgradeCheck = 0610;
			};
			buildConfigurationList = 3BBFFA881C0B36B4009970A0 /* Build configuration list for PBXProject "wtHaloViewer" */;
			compatibilityVersion = "Xcode 3.2";
			developmentRegion = English;
			hasScannedForEncodings = 0;
			knownRegions = (
				en,
			);
			mainGroup = 3BBFFA841C0B36B4009970A0;
			projectDirPath = "";
			projectRoot = "";
			targets = (
			);
		};
/* End PBXProject section */

/* Begin XCBuildConfiguration section */
		3BBFFA891C0B36B4009970A0 /* Debug */ = {
			isa = XCBuildConfiguration;
			buildSettings = {
			};
			name = Debug;
		};
		3BBFFA8A1C0B36B4009970A0 /* Release */ = {
			isa = XCBuildConfiguration;
			buildSettings = {
			};
			name = Release;
		};
/* End XCBuildConfiguration section */

/* Begin XCConfigurationList section */
		3BBFFA881C0B36B4009970A0 /* Build configuration list for PBXProject "wtHaloViewer" */ = {
			isa = XCConfigurationList;
			buildConfigurations = (
				3BBFFA891C0B36B4009970A0 /* Debug */,
				3BBFFA8A1C0B36B4009970A0 /* Release */,
			);
			defaultConfigurationIsVisible = 0;
			defaultConfigurationName = Release;
		};
/* End XCConfigurationList section */
	};
	rootObject = 3BBFFA851C0B36B4009970A0 /* Project object */;
}
